
Microsoft Visual Studio Solution File, Format Version 12.00
# Visual Studio Version 17
VisualStudioVersion = 17.5.33530.505
MinimumVisualStudioVersion = 10.0.40219.1
Project("{9A19103F-16F7-4668-BE54-9A1E7A4F7556}") = "ComUnity.Api", "src\ComUnity.Api\ComUnity.Api.csproj", "{A07057D9-1A43-4F39-B18A-BA561703A743}"
EndProject
Project("{9A19103F-16F7-4668-BE54-9A1E7A4F7556}") = "ComUnity.Application", "src\ComUnity.Application\ComUnity.Application.csproj", "{E4804875-647D-4EC0-BE8E-D4DDEA5DE3A3}"
EndProject
Global
	GlobalSection(SolutionConfigurationPlatforms) = preSolution
		Debug|Any CPU = Debug|Any CPU
		Release|Any CPU = Release|Any CPU
	EndGlobalSection
	GlobalSection(ProjectConfigurationPlatforms) = postSolution
		{A07057D9-1A43-4F39-B18A-BA561703A743}.Debug|Any CPU.ActiveCfg = Debug|Any CPU
		{A07057D9-1A43-4F39-B18A-BA561703A743}.Debug|Any CPU.Build.0 = Debug|Any CPU
		{A07057D9-1A43-4F39-B18A-BA561703A743}.Release|Any CPU.ActiveCfg = Release|Any CPU
		{A07057D9-1A43-4F39-B18A-BA561703A743}.Release|Any CPU.Build.0 = Release|Any CPU
		{E4804875-647D-4EC0-BE8E-D4DDEA5DE3A3}.Debug|Any CPU.ActiveCfg = Debug|Any CPU
		{E4804875-647D-4EC0-BE8E-D4DDEA5DE3A3}.Debug|Any CPU.Build.0 = Debug|Any CPU
		{E4804875-647D-4EC0-BE8E-D4DDEA5DE3A3}.Release|Any CPU.ActiveCfg = Release|Any CPU
		{E4804875-647D-4EC0-BE8E-D4DDEA5DE3A3}.Release|Any CPU.Build.0 = Release|Any CPU
	EndGlobalSection
	GlobalSection(SolutionProperties) = preSolution
		HideSolutionNode = FALSE
	EndGlobalSection
	GlobalSection(ExtensibilityGlobals) = postSolution
		SolutionGuid = {0F68B5FF-473A-44E3-880B-492E11162B74}
	EndGlobalSection
EndGlobal
