
Microsoft Visual Studio Solution File, Format Version 12.00
# Visual Studio Version 17
VisualStudioVersion = 17.3.32929.385
MinimumVisualStudioVersion = 10.0.40219.1
Project("{FAE04EC0-301F-11D3-BF4B-00C04F79EFBC}") = "ProjGrupowy.Server", "ProjGrupowy\Server\ProjGrupowy.Server.csproj", "{CEB04BE6-96AF-4F63-92C1-E4770BD0D2B2}"
EndProject
Project("{FAE04EC0-301F-11D3-BF4B-00C04F79EFBC}") = "ProjGrupowy.Client", "ProjGrupowy\Client\ProjGrupowy.Client.csproj", "{2C2929FA-A3CC-4386-A11C-13362D5F6821}"
EndProject
Project("{FAE04EC0-301F-11D3-BF4B-00C04F79EFBC}") = "ProjGrupowy.Shared", "ProjGrupowy\Shared\ProjGrupowy.Shared.csproj", "{50C6E6CC-73D8-4DDC-8DF7-A103B1B087EF}"
EndProject
Global
	GlobalSection(SolutionConfigurationPlatforms) = preSolution
		Debug|Any CPU = Debug|Any CPU
		Release|Any CPU = Release|Any CPU
	EndGlobalSection
	GlobalSection(ProjectConfigurationPlatforms) = postSolution
		{CEB04BE6-96AF-4F63-92C1-E4770BD0D2B2}.Debug|Any CPU.ActiveCfg = Debug|Any CPU
		{CEB04BE6-96AF-4F63-92C1-E4770BD0D2B2}.Debug|Any CPU.Build.0 = Debug|Any CPU
		{CEB04BE6-96AF-4F63-92C1-E4770BD0D2B2}.Release|Any CPU.ActiveCfg = Release|Any CPU
		{CEB04BE6-96AF-4F63-92C1-E4770BD0D2B2}.Release|Any CPU.Build.0 = Release|Any CPU
		{2C2929FA-A3CC-4386-A11C-13362D5F6821}.Debug|Any CPU.ActiveCfg = Debug|Any CPU
		{2C2929FA-A3CC-4386-A11C-13362D5F6821}.Debug|Any CPU.Build.0 = Debug|Any CPU
		{2C2929FA-A3CC-4386-A11C-13362D5F6821}.Release|Any CPU.ActiveCfg = Release|Any CPU
		{2C2929FA-A3CC-4386-A11C-13362D5F6821}.Release|Any CPU.Build.0 = Release|Any CPU
		{50C6E6CC-73D8-4DDC-8DF7-A103B1B087EF}.Debug|Any CPU.ActiveCfg = Debug|Any CPU
		{50C6E6CC-73D8-4DDC-8DF7-A103B1B087EF}.Debug|Any CPU.Build.0 = Debug|Any CPU
		{50C6E6CC-73D8-4DDC-8DF7-A103B1B087EF}.Release|Any CPU.ActiveCfg = Release|Any CPU
		{50C6E6CC-73D8-4DDC-8DF7-A103B1B087EF}.Release|Any CPU.Build.0 = Release|Any CPU
	EndGlobalSection
	GlobalSection(SolutionProperties) = preSolution
		HideSolutionNode = FALSE
	EndGlobalSection
	GlobalSection(ExtensibilityGlobals) = postSolution
		SolutionGuid = {50360ABC-3493-4348-B832-14E58CB7F945}
	EndGlobalSection
EndGlobal
